
Microsoft Visual Studio Solution File, Format Version 12.00
# Visual Studio Version 16
VisualStudioVersion = 16.0.32901.82
MinimumVisualStudioVersion = 10.0.40219.1
Project("{FAE04EC0-301F-11D3-BF4B-00C04F79EFBC}") = "palindrome", "palindrome\palindrome.csproj", "{247A82AA-623E-4BFD-A822-47B235FFBBA3}"
EndProject
Global
	GlobalSection(SolutionConfigurationPlatforms) = preSolution
		Debug|Any CPU = Debug|Any CPU
		Release|Any CPU = Release|Any CPU
	EndGlobalSection
	GlobalSection(ProjectConfigurationPlatforms) = postSolution
		{247A82AA-623E-4BFD-A822-47B235FFBBA3}.Debug|Any CPU.ActiveCfg = Debug|Any CPU
		{247A82AA-623E-4BFD-A822-47B235FFBBA3}.Debug|Any CPU.Build.0 = Debug|Any CPU
		{247A82AA-623E-4BFD-A822-47B235FFBBA3}.Release|Any CPU.ActiveCfg = Release|Any CPU
		{247A82AA-623E-4BFD-A822-47B235FFBBA3}.Release|Any CPU.Build.0 = Release|Any CPU
	EndGlobalSection
	GlobalSection(SolutionProperties) = preSolution
		HideSolutionNode = FALSE
	EndGlobalSection
	GlobalSection(ExtensibilityGlobals) = postSolution
		SolutionGuid = {686E490C-ADA0-4331-8AFB-2D3CF1FA9491}
	EndGlobalSection
EndGlobal
