
Microsoft Visual Studio Solution File, Format Version 12.00
# Visual Studio Version 16
VisualStudioVersion = 16.0.32901.82
MinimumVisualStudioVersion = 10.0.40219.1
Project("{FAE04EC0-301F-11D3-BF4B-00C04F79EFBC}") = "operation manage", "operation manage\operation manage.csproj", "{74B4A8CD-0596-49E9-A4B3-C554CDE15F8D}"
EndProject
Global
	GlobalSection(SolutionConfigurationPlatforms) = preSolution
		Debug|Any CPU = Debug|Any CPU
		Release|Any CPU = Release|Any CPU
	EndGlobalSection
	GlobalSection(ProjectConfigurationPlatforms) = postSolution
		{74B4A8CD-0596-49E9-A4B3-C554CDE15F8D}.Debug|Any CPU.ActiveCfg = Debug|Any CPU
		{74B4A8CD-0596-49E9-A4B3-C554CDE15F8D}.Debug|Any CPU.Build.0 = Debug|Any CPU
		{74B4A8CD-0596-49E9-A4B3-C554CDE15F8D}.Release|Any CPU.ActiveCfg = Release|Any CPU
		{74B4A8CD-0596-49E9-A4B3-C554CDE15F8D}.Release|Any CPU.Build.0 = Release|Any CPU
	EndGlobalSection
	GlobalSection(SolutionProperties) = preSolution
		HideSolutionNode = FALSE
	EndGlobalSection
	GlobalSection(ExtensibilityGlobals) = postSolution
		SolutionGuid = {A769E2ED-25FB-4140-9660-8DA43BD3017B}
	EndGlobalSection
EndGlobal
