
Microsoft Visual Studio Solution File, Format Version 12.00
# Visual Studio Version 16
VisualStudioVersion = 16.0.32901.82
MinimumVisualStudioVersion = 10.0.40219.1
Project("{FAE04EC0-301F-11D3-BF4B-00C04F79EFBC}") = "array ordering", "array ordering\array ordering.csproj", "{84A783F4-3398-428B-96EA-5F5AEF0750BC}"
EndProject
Global
	GlobalSection(SolutionConfigurationPlatforms) = preSolution
		Debug|Any CPU = Debug|Any CPU
		Release|Any CPU = Release|Any CPU
	EndGlobalSection
	GlobalSection(ProjectConfigurationPlatforms) = postSolution
		{84A783F4-3398-428B-96EA-5F5AEF0750BC}.Debug|Any CPU.ActiveCfg = Debug|Any CPU
		{84A783F4-3398-428B-96EA-5F5AEF0750BC}.Debug|Any CPU.Build.0 = Debug|Any CPU
		{84A783F4-3398-428B-96EA-5F5AEF0750BC}.Release|Any CPU.ActiveCfg = Release|Any CPU
		{84A783F4-3398-428B-96EA-5F5AEF0750BC}.Release|Any CPU.Build.0 = Release|Any CPU
	EndGlobalSection
	GlobalSection(SolutionProperties) = preSolution
		HideSolutionNode = FALSE
	EndGlobalSection
	GlobalSection(ExtensibilityGlobals) = postSolution
		SolutionGuid = {267689EA-649B-47CF-9709-CBAEF4B06D68}
	EndGlobalSection
EndGlobal
